
Microsoft Visual Studio Solution File, Format Version 12.00
# Visual Studio Version 16
VisualStudioVersion = 16.0.31729.503
MinimumVisualStudioVersion = 10.0.40219.1
Project("{FAE04EC0-301F-11D3-BF4B-00C04F79EFBC}") = "MiniCalculator", "MiniCalculator\MiniCalculator.csproj", "{054B2235-A215-4C77-8E65-F8BC88E82908}"
EndProject
Project("{FAE04EC0-301F-11D3-BF4B-00C04F79EFBC}") = "CalculatorAndLogger", "CalculatorAndLogger\CalculatorAndLogger.csproj", "{1ED80826-20DF-410E-B2DD-E26B40EBB258}"
EndProject
Global
	GlobalSection(SolutionConfigurationPlatforms) = preSolution
		Debug|Any CPU = Debug|Any CPU
		Release|Any CPU = Release|Any CPU
	EndGlobalSection
	GlobalSection(ProjectConfigurationPlatforms) = postSolution
		{054B2235-A215-4C77-8E65-F8BC88E82908}.Debug|Any CPU.ActiveCfg = Debug|Any CPU
		{054B2235-A215-4C77-8E65-F8BC88E82908}.Debug|Any CPU.Build.0 = Debug|Any CPU
		{054B2235-A215-4C77-8E65-F8BC88E82908}.Release|Any CPU.ActiveCfg = Release|Any CPU
		{054B2235-A215-4C77-8E65-F8BC88E82908}.Release|Any CPU.Build.0 = Release|Any CPU
		{1ED80826-20DF-410E-B2DD-E26B40EBB258}.Debug|Any CPU.ActiveCfg = Debug|Any CPU
		{1ED80826-20DF-410E-B2DD-E26B40EBB258}.Debug|Any CPU.Build.0 = Debug|Any CPU
		{1ED80826-20DF-410E-B2DD-E26B40EBB258}.Release|Any CPU.ActiveCfg = Release|Any CPU
		{1ED80826-20DF-410E-B2DD-E26B40EBB258}.Release|Any CPU.Build.0 = Release|Any CPU
	EndGlobalSection
	GlobalSection(SolutionProperties) = preSolution
		HideSolutionNode = FALSE
	EndGlobalSection
	GlobalSection(ExtensibilityGlobals) = postSolution
		SolutionGuid = {D4B40740-CCD5-4D20-A808-0B84A2A0AE2B}
	EndGlobalSection
EndGlobal
